
Microsoft Visual Studio Solution File, Format Version 9.00
# Visual Studio 2005
Project("{8BC9CEB8-8B4A-11D0-8D11-00A0C91BC942}") = "viFilesDetectW", "viFilesDetectW.vcproj", "{EE57DD3C-897C-4995-A45B-68E078B8D964}"
	ProjectSection(WebsiteProperties) = preProject
		Debug.AspNetCompiler.Debug = "True"
		Release.AspNetCompiler.Debug = "False"
	EndProjectSection
EndProject
Global
	GlobalSection(SolutionConfigurationPlatforms) = preSolution
		Debug|Win32 = Debug|Win32
		Release|Win32 = Release|Win32
	EndGlobalSection
	GlobalSection(ProjectConfigurationPlatforms) = postSolution
		{EE57DD3C-897C-4995-A45B-68E078B8D964}.Debug|Win32.ActiveCfg = Debug|Win32
		{EE57DD3C-897C-4995-A45B-68E078B8D964}.Debug|Win32.Build.0 = Debug|Win32
		{EE57DD3C-897C-4995-A45B-68E078B8D964}.Release|Win32.ActiveCfg = Release|Win32
		{EE57DD3C-897C-4995-A45B-68E078B8D964}.Release|Win32.Build.0 = Release|Win32
	EndGlobalSection
	GlobalSection(SolutionProperties) = preSolution
		HideSolutionNode = FALSE
	EndGlobalSection
EndGlobal
