Microsoft Visual Studio Solution File, Format Version 12.00
# Visual Studio 2012
Project("{FAE04EC0-301F-11D3-BF4B-00C04F79EFBC}") = "ReplicationInfo", "ReplicationInfo.csproj", "{ED8CC603-737E-4F9B-8E05-3200320DA59C}"
	ProjectSection(WebsiteProperties) = preProject
		Debug.AspNetCompiler.Debug = "True"
		Release.AspNetCompiler.Debug = "False"
	EndProjectSection
EndProject
Global
	GlobalSection(SolutionConfigurationPlatforms) = preSolution
		Debug|Any CPU = Debug|Any CPU
		Release|Any CPU = Release|Any CPU
	EndGlobalSection
	GlobalSection(ProjectConfigurationPlatforms) = postSolution
		{ED8CC603-737E-4F9B-8E05-3200320DA59C}.Debug|Any CPU.ActiveCfg = Debug|Any CPU
		{ED8CC603-737E-4F9B-8E05-3200320DA59C}.Debug|Any CPU.Build.0 = Debug|Any CPU
		{ED8CC603-737E-4F9B-8E05-3200320DA59C}.Release|Any CPU.ActiveCfg = Release|Any CPU
		{ED8CC603-737E-4F9B-8E05-3200320DA59C}.Release|Any CPU.Build.0 = Release|Any CPU
	EndGlobalSection
	GlobalSection(SolutionProperties) = preSolution
		HideSolutionNode = FALSE
	EndGlobalSection
EndGlobal
